
Microsoft Visual Studio Solution File, Format Version 12.00
# Visual Studio Version 16
VisualStudioVersion = 16.0.29709.97
MinimumVisualStudioVersion = 10.0.40219.1
Project("{2150E333-8FDC-42A3-9474-1A3956D46DE8}") = "src", "src", "{C0341421-24C9-4316-B24D-9260E97BE887}"
EndProject
Project("{2150E333-8FDC-42A3-9474-1A3956D46DE8}") = "1.Common", "1.Common", "{A234F092-4343-4F48-B997-71BBB0334024}"
EndProject
Project("{2150E333-8FDC-42A3-9474-1A3956D46DE8}") = "2.WebCore", "2.WebCore", "{99BBE9DB-016F-4795-AAD9-531D5F60A7D7}"
EndProject
Project("{2150E333-8FDC-42A3-9474-1A3956D46DE8}") = "3.DbAccess", "3.DbAccess", "{D2E49676-0B0A-4842-9308-3474977C9082}"
EndProject
Project("{2150E333-8FDC-42A3-9474-1A3956D46DE8}") = "4.Component", "4.Component", "{CE4E69A0-52C9-40EF-B25D-D799AD839C9B}"
EndProject
Project("{2150E333-8FDC-42A3-9474-1A3956D46DE8}") = "5.Model", "5.Model", "{433E0684-F807-470D-8323-9D7613E97462}"
EndProject
Project("{2150E333-8FDC-42A3-9474-1A3956D46DE8}") = "6.Business", "6.Business", "{DAA14B58-0D03-4CBE-A236-6E030CF4862B}"
EndProject
Project("{2150E333-8FDC-42A3-9474-1A3956D46DE8}") = "7.WebHost", "7.WebHost", "{6E003534-115A-4186-855F-92CD9AD843A0}"
EndProject
Project("{2150E333-8FDC-42A3-9474-1A3956D46DE8}") = "tests", "tests", "{1F531AEB-0FE7-4F38-A665-28571B81E042}"
EndProject
Project("{9A19103F-16F7-4668-BE54-9A1E7A4F7556}") = "MS.Common", "src\MS.Common\MS.Common.csproj", "{3A358EA5-C45E-4508-8E1F-B3216535CC16}"
EndProject
Project("{9A19103F-16F7-4668-BE54-9A1E7A4F7556}") = "MS.Entities", "src\MS.Entities\MS.Entities.csproj", "{AB891596-2C3D-4F09-AF13-13284CB0CBD3}"
EndProject
Project("{9A19103F-16F7-4668-BE54-9A1E7A4F7556}") = "MS.WebCore", "src\MS.WebCore\MS.WebCore.csproj", "{474AB64A-DED0-4B74-8E40-E9D7423F2451}"
EndProject
Project("{9A19103F-16F7-4668-BE54-9A1E7A4F7556}") = "MS.UnitOfWork", "src\MS.UnitOfWork\MS.UnitOfWork.csproj", "{D160CFB5-0C63-402B-9C46-A0BEDCA4B5F4}"
EndProject
Project("{9A19103F-16F7-4668-BE54-9A1E7A4F7556}") = "MS.DbContexts", "src\MS.DbContexts\MS.DbContexts.csproj", "{AE7341D2-5E6F-4460-9EB0-26EB9FB1680E}"
EndProject
Project("{9A19103F-16F7-4668-BE54-9A1E7A4F7556}") = "MS.Component.Aop", "src\MS.Component.Aop\MS.Component.Aop.csproj", "{DE1D3FF5-A754-4B3E-9501-DB51F3EA64DB}"
EndProject
Project("{9A19103F-16F7-4668-BE54-9A1E7A4F7556}") = "MS.Component.Jwt", "src\MS.Component.Jwt\MS.Component.Jwt.csproj", "{56E9627A-9401-407A-8B8E-3706C45A116F}"
EndProject
Project("{9A19103F-16F7-4668-BE54-9A1E7A4F7556}") = "MS.Models", "src\MS.Models\MS.Models.csproj", "{74B127A1-2427-42A2-AF94-881603FDBB1F}"
EndProject
Project("{9A19103F-16F7-4668-BE54-9A1E7A4F7556}") = "MS.Services", "src\MS.Services\MS.Services.csproj", "{614D5F01-9D21-40B5-AE2E-8AFA23F8D72F}"
EndProject
Project("{9A19103F-16F7-4668-BE54-9A1E7A4F7556}") = "MS.WebApi", "src\MS.WebApi\MS.WebApi.csproj", "{3141D06A-A07B-4FA2-89E9-08A9D2C0F06F}"
EndProject
Project("{9A19103F-16F7-4668-BE54-9A1E7A4F7556}") = "CommonTests", "tests\CommonTests\CommonTests.csproj", "{75DF0DB7-5B10-479A-B9F6-FE6DFFB68224}"
EndProject
Project("{FAE04EC0-301F-11D3-BF4B-00C04F79EFBC}") = "WebApiTests", "tests\WebApiTests\WebApiTests.csproj", "{3DB8D624-4C70-41BE-B9BB-0CA45AB5D224}"
EndProject
Global
	GlobalSection(SolutionConfigurationPlatforms) = preSolution
		Debug|Any CPU = Debug|Any CPU
		Release|Any CPU = Release|Any CPU
	EndGlobalSection
	GlobalSection(ProjectConfigurationPlatforms) = postSolution
		{3A358EA5-C45E-4508-8E1F-B3216535CC16}.Debug|Any CPU.ActiveCfg = Debug|Any CPU
		{3A358EA5-C45E-4508-8E1F-B3216535CC16}.Debug|Any CPU.Build.0 = Debug|Any CPU
		{3A358EA5-C45E-4508-8E1F-B3216535CC16}.Release|Any CPU.ActiveCfg = Release|Any CPU
		{3A358EA5-C45E-4508-8E1F-B3216535CC16}.Release|Any CPU.Build.0 = Release|Any CPU
		{AB891596-2C3D-4F09-AF13-13284CB0CBD3}.Debug|Any CPU.ActiveCfg = Debug|Any CPU
		{AB891596-2C3D-4F09-AF13-13284CB0CBD3}.Debug|Any CPU.Build.0 = Debug|Any CPU
		{AB891596-2C3D-4F09-AF13-13284CB0CBD3}.Release|Any CPU.ActiveCfg = Release|Any CPU
		{AB891596-2C3D-4F09-AF13-13284CB0CBD3}.Release|Any CPU.Build.0 = Release|Any CPU
		{474AB64A-DED0-4B74-8E40-E9D7423F2451}.Debug|Any CPU.ActiveCfg = Debug|Any CPU
		{474AB64A-DED0-4B74-8E40-E9D7423F2451}.Debug|Any CPU.Build.0 = Debug|Any CPU
		{474AB64A-DED0-4B74-8E40-E9D7423F2451}.Release|Any CPU.ActiveCfg = Release|Any CPU
		{474AB64A-DED0-4B74-8E40-E9D7423F2451}.Release|Any CPU.Build.0 = Release|Any CPU
		{D160CFB5-0C63-402B-9C46-A0BEDCA4B5F4}.Debug|Any CPU.ActiveCfg = Debug|Any CPU
		{D160CFB5-0C63-402B-9C46-A0BEDCA4B5F4}.Debug|Any CPU.Build.0 = Debug|Any CPU
		{D160CFB5-0C63-402B-9C46-A0BEDCA4B5F4}.Release|Any CPU.ActiveCfg = Release|Any CPU
		{D160CFB5-0C63-402B-9C46-A0BEDCA4B5F4}.Release|Any CPU.Build.0 = Release|Any CPU
		{AE7341D2-5E6F-4460-9EB0-26EB9FB1680E}.Debug|Any CPU.ActiveCfg = Debug|Any CPU
		{AE7341D2-5E6F-4460-9EB0-26EB9FB1680E}.Debug|Any CPU.Build.0 = Debug|Any CPU
		{AE7341D2-5E6F-4460-9EB0-26EB9FB1680E}.Release|Any CPU.ActiveCfg = Release|Any CPU
		{AE7341D2-5E6F-4460-9EB0-26EB9FB1680E}.Release|Any CPU.Build.0 = Release|Any CPU
		{DE1D3FF5-A754-4B3E-9501-DB51F3EA64DB}.Debug|Any CPU.ActiveCfg = Debug|Any CPU
		{DE1D3FF5-A754-4B3E-9501-DB51F3EA64DB}.Debug|Any CPU.Build.0 = Debug|Any CPU
		{DE1D3FF5-A754-4B3E-9501-DB51F3EA64DB}.Release|Any CPU.ActiveCfg = Release|Any CPU
		{DE1D3FF5-A754-4B3E-9501-DB51F3EA64DB}.Release|Any CPU.Build.0 = Release|Any CPU
		{56E9627A-9401-407A-8B8E-3706C45A116F}.Debug|Any CPU.ActiveCfg = Debug|Any CPU
		{56E9627A-9401-407A-8B8E-3706C45A116F}.Debug|Any CPU.Build.0 = Debug|Any CPU
		{56E9627A-9401-407A-8B8E-3706C45A116F}.Release|Any CPU.ActiveCfg = Release|Any CPU
		{56E9627A-9401-407A-8B8E-3706C45A116F}.Release|Any CPU.Build.0 = Release|Any CPU
		{74B127A1-2427-42A2-AF94-881603FDBB1F}.Debug|Any CPU.ActiveCfg = Debug|Any CPU
		{74B127A1-2427-42A2-AF94-881603FDBB1F}.Debug|Any CPU.Build.0 = Debug|Any CPU
		{74B127A1-2427-42A2-AF94-881603FDBB1F}.Release|Any CPU.ActiveCfg = Release|Any CPU
		{74B127A1-2427-42A2-AF94-881603FDBB1F}.Release|Any CPU.Build.0 = Release|Any CPU
		{614D5F01-9D21-40B5-AE2E-8AFA23F8D72F}.Debug|Any CPU.ActiveCfg = Debug|Any CPU
		{614D5F01-9D21-40B5-AE2E-8AFA23F8D72F}.Debug|Any CPU.Build.0 = Debug|Any CPU
		{614D5F01-9D21-40B5-AE2E-8AFA23F8D72F}.Release|Any CPU.ActiveCfg = Release|Any CPU
		{614D5F01-9D21-40B5-AE2E-8AFA23F8D72F}.Release|Any CPU.Build.0 = Release|Any CPU
		{3141D06A-A07B-4FA2-89E9-08A9D2C0F06F}.Debug|Any CPU.ActiveCfg = Debug|Any CPU
		{3141D06A-A07B-4FA2-89E9-08A9D2C0F06F}.Debug|Any CPU.Build.0 = Debug|Any CPU
		{3141D06A-A07B-4FA2-89E9-08A9D2C0F06F}.Release|Any CPU.ActiveCfg = Release|Any CPU
		{3141D06A-A07B-4FA2-89E9-08A9D2C0F06F}.Release|Any CPU.Build.0 = Release|Any CPU
		{75DF0DB7-5B10-479A-B9F6-FE6DFFB68224}.Debug|Any CPU.ActiveCfg = Debug|Any CPU
		{75DF0DB7-5B10-479A-B9F6-FE6DFFB68224}.Debug|Any CPU.Build.0 = Debug|Any CPU
		{75DF0DB7-5B10-479A-B9F6-FE6DFFB68224}.Release|Any CPU.ActiveCfg = Release|Any CPU
		{75DF0DB7-5B10-479A-B9F6-FE6DFFB68224}.Release|Any CPU.Build.0 = Release|Any CPU
		{3DB8D624-4C70-41BE-B9BB-0CA45AB5D224}.Debug|Any CPU.ActiveCfg = Debug|Any CPU
		{3DB8D624-4C70-41BE-B9BB-0CA45AB5D224}.Debug|Any CPU.Build.0 = Debug|Any CPU
		{3DB8D624-4C70-41BE-B9BB-0CA45AB5D224}.Release|Any CPU.ActiveCfg = Release|Any CPU
		{3DB8D624-4C70-41BE-B9BB-0CA45AB5D224}.Release|Any CPU.Build.0 = Release|Any CPU
	EndGlobalSection
	GlobalSection(SolutionProperties) = preSolution
		HideSolutionNode = FALSE
	EndGlobalSection
	GlobalSection(NestedProjects) = preSolution
		{A234F092-4343-4F48-B997-71BBB0334024} = {C0341421-24C9-4316-B24D-9260E97BE887}
		{99BBE9DB-016F-4795-AAD9-531D5F60A7D7} = {C0341421-24C9-4316-B24D-9260E97BE887}
		{D2E49676-0B0A-4842-9308-3474977C9082} = {C0341421-24C9-4316-B24D-9260E97BE887}
		{CE4E69A0-52C9-40EF-B25D-D799AD839C9B} = {C0341421-24C9-4316-B24D-9260E97BE887}
		{433E0684-F807-470D-8323-9D7613E97462} = {C0341421-24C9-4316-B24D-9260E97BE887}
		{DAA14B58-0D03-4CBE-A236-6E030CF4862B} = {C0341421-24C9-4316-B24D-9260E97BE887}
		{6E003534-115A-4186-855F-92CD9AD843A0} = {C0341421-24C9-4316-B24D-9260E97BE887}
		{3A358EA5-C45E-4508-8E1F-B3216535CC16} = {A234F092-4343-4F48-B997-71BBB0334024}
		{AB891596-2C3D-4F09-AF13-13284CB0CBD3} = {99BBE9DB-016F-4795-AAD9-531D5F60A7D7}
		{474AB64A-DED0-4B74-8E40-E9D7423F2451} = {99BBE9DB-016F-4795-AAD9-531D5F60A7D7}
		{D160CFB5-0C63-402B-9C46-A0BEDCA4B5F4} = {D2E49676-0B0A-4842-9308-3474977C9082}
		{AE7341D2-5E6F-4460-9EB0-26EB9FB1680E} = {D2E49676-0B0A-4842-9308-3474977C9082}
		{DE1D3FF5-A754-4B3E-9501-DB51F3EA64DB} = {CE4E69A0-52C9-40EF-B25D-D799AD839C9B}
		{56E9627A-9401-407A-8B8E-3706C45A116F} = {CE4E69A0-52C9-40EF-B25D-D799AD839C9B}
		{74B127A1-2427-42A2-AF94-881603FDBB1F} = {433E0684-F807-470D-8323-9D7613E97462}
		{614D5F01-9D21-40B5-AE2E-8AFA23F8D72F} = {DAA14B58-0D03-4CBE-A236-6E030CF4862B}
		{3141D06A-A07B-4FA2-89E9-08A9D2C0F06F} = {6E003534-115A-4186-855F-92CD9AD843A0}
		{75DF0DB7-5B10-479A-B9F6-FE6DFFB68224} = {1F531AEB-0FE7-4F38-A665-28571B81E042}
		{3DB8D624-4C70-41BE-B9BB-0CA45AB5D224} = {1F531AEB-0FE7-4F38-A665-28571B81E042}
	EndGlobalSection
	GlobalSection(ExtensibilityGlobals) = postSolution
		SolutionGuid = {F2C6288D-0E94-4685-8AB6-D0E4FB1BBA93}
	EndGlobalSection
EndGlobal
